
Microsoft Visual Studio Solution File, Format Version 12.00
# Visual Studio 15
Project("{D954291E-2A0B-460D-934E-DC6B0785DB48}") = "FoodAppClient", "FoodAppClient\FoodAppClient.shproj", "{1A5B3FF6-ACFD-4C67-B0C7-C02703564825}"
EndProject
Project("{FAE04EC0-301F-11D3-BF4B-00C04F79EFBC}") = "FoodAppClient.iOS", "iOS\FoodAppClient.iOS.csproj", "{73C93D12-CA31-48BE-A6F3-41803A70DD1B}"
EndProject
Global
	GlobalSection(SolutionConfigurationPlatforms) = preSolution
		Debug|iPhoneSimulator = Debug|iPhoneSimulator
		Release|iPhone = Release|iPhone
		Release|iPhoneSimulator = Release|iPhoneSimulator
		Debug|iPhone = Debug|iPhone
		Debug|Any CPU = Debug|Any CPU
		Release|Any CPU = Release|Any CPU
	EndGlobalSection
	GlobalSection(ProjectConfigurationPlatforms) = postSolution
		{73C93D12-CA31-48BE-A6F3-41803A70DD1B}.Debug|iPhoneSimulator.ActiveCfg = Debug|iPhoneSimulator
		{73C93D12-CA31-48BE-A6F3-41803A70DD1B}.Debug|iPhoneSimulator.Build.0 = Debug|iPhoneSimulator
		{73C93D12-CA31-48BE-A6F3-41803A70DD1B}.Release|iPhone.ActiveCfg = Release|iPhone
		{73C93D12-CA31-48BE-A6F3-41803A70DD1B}.Release|iPhone.Build.0 = Release|iPhone
		{73C93D12-CA31-48BE-A6F3-41803A70DD1B}.Release|iPhoneSimulator.ActiveCfg = Release|iPhoneSimulator
		{73C93D12-CA31-48BE-A6F3-41803A70DD1B}.Release|iPhoneSimulator.Build.0 = Release|iPhoneSimulator
		{73C93D12-CA31-48BE-A6F3-41803A70DD1B}.Debug|iPhone.ActiveCfg = Debug|iPhone
		{73C93D12-CA31-48BE-A6F3-41803A70DD1B}.Debug|iPhone.Build.0 = Debug|iPhone
		{73C93D12-CA31-48BE-A6F3-41803A70DD1B}.Debug|Any CPU.ActiveCfg = Debug|iPhoneSimulator
		{73C93D12-CA31-48BE-A6F3-41803A70DD1B}.Debug|Any CPU.Build.0 = Debug|iPhoneSimulator
		{73C93D12-CA31-48BE-A6F3-41803A70DD1B}.Release|Any CPU.ActiveCfg = Release|iPhone
		{73C93D12-CA31-48BE-A6F3-41803A70DD1B}.Release|Any CPU.Build.0 = Release|iPhone
	EndGlobalSection
EndGlobal
